
Microsoft Visual Studio Solution File, Format Version 12.00
Project("{FAE04EC0-301F-11D3-BF4B-00C04F79EFBC}") = "GraphAlgoRunner", "GraphAlgoRunner\GraphAlgoRunner.csproj", "{8FED757A-E74F-4368-A428-C5801E80EE4B}"
EndProject
Global
	GlobalSection(SolutionConfigurationPlatforms) = preSolution
		Debug|Any CPU = Debug|Any CPU
		Release|Any CPU = Release|Any CPU
	EndGlobalSection
	GlobalSection(ProjectConfigurationPlatforms) = postSolution
		{8FED757A-E74F-4368-A428-C5801E80EE4B}.Debug|Any CPU.ActiveCfg = Debug|Any CPU
		{8FED757A-E74F-4368-A428-C5801E80EE4B}.Debug|Any CPU.Build.0 = Debug|Any CPU
		{8FED757A-E74F-4368-A428-C5801E80EE4B}.Release|Any CPU.ActiveCfg = Release|Any CPU
		{8FED757A-E74F-4368-A428-C5801E80EE4B}.Release|Any CPU.Build.0 = Release|Any CPU
	EndGlobalSection
EndGlobal
